Microsoft Visual Studio Solution File, Format Version 11.00
# Visual Studio 2008

Project("{EA30FFBE-FFFF-1802-CE63-96AB89C449AA}") = "BoatDemo", "Assembly-CSharp-firstpass.csproj", "{23692727-8215-924A-F13B-B82A92BA7F05}"
EndProject
Project("{EA30FFBE-FFFF-1802-CE63-96AB89C449AA}") = "BoatDemo", "Assembly-CSharp.csproj", "{E7AC8911-E1AF-528A-73AB-D09DE63E9C8F}"
EndProject
Project("{EA30FFBE-FFFF-1802-CE63-96AB89C449AA}") = "BoatDemo", "Assembly-UnityScript-firstpass.unityproj", "{D59F9390-1F16-E857-AAAC-AEB365193DED}"
EndProject
Project("{EA30FFBE-FFFF-1802-CE63-96AB89C449AA}") = "BoatDemo", "Assembly-UnityScript.unityproj", "{B8AECD70-74BB-8799-5588-E9CB07BD4782}"
EndProject
Global
	GlobalSection(SolutionConfigurationPlatforms) = preSolution
		Debug|Any CPU = Debug|Any CPU
		Release|Any CPU = Release|Any CPU
	EndGlobalSection
	GlobalSection(ProjectConfigurationPlatforms) = postSolution
		{23692727-8215-924A-F13B-B82A92BA7F05}.Debug|Any CPU.ActiveCfg = Debug|Any CPU
		{23692727-8215-924A-F13B-B82A92BA7F05}.Debug|Any CPU.Build.0 = Debug|Any CPU
		{23692727-8215-924A-F13B-B82A92BA7F05}.Release|Any CPU.ActiveCfg = Release|Any CPU
		{23692727-8215-924A-F13B-B82A92BA7F05}.Release|Any CPU.Build.0 = Release|Any CPU
		{E7AC8911-E1AF-528A-73AB-D09DE63E9C8F}.Debug|Any CPU.ActiveCfg = Debug|Any CPU
		{E7AC8911-E1AF-528A-73AB-D09DE63E9C8F}.Debug|Any CPU.Build.0 = Debug|Any CPU
		{E7AC8911-E1AF-528A-73AB-D09DE63E9C8F}.Release|Any CPU.ActiveCfg = Release|Any CPU
		{E7AC8911-E1AF-528A-73AB-D09DE63E9C8F}.Release|Any CPU.Build.0 = Release|Any CPU
		{D59F9390-1F16-E857-AAAC-AEB365193DED}.Debug|Any CPU.ActiveCfg = Debug|Any CPU
		{D59F9390-1F16-E857-AAAC-AEB365193DED}.Debug|Any CPU.Build.0 = Debug|Any CPU
		{D59F9390-1F16-E857-AAAC-AEB365193DED}.Release|Any CPU.ActiveCfg = Release|Any CPU
		{D59F9390-1F16-E857-AAAC-AEB365193DED}.Release|Any CPU.Build.0 = Release|Any CPU
		{B8AECD70-74BB-8799-5588-E9CB07BD4782}.Debug|Any CPU.ActiveCfg = Debug|Any CPU
		{B8AECD70-74BB-8799-5588-E9CB07BD4782}.Debug|Any CPU.Build.0 = Debug|Any CPU
		{B8AECD70-74BB-8799-5588-E9CB07BD4782}.Release|Any CPU.ActiveCfg = Release|Any CPU
		{B8AECD70-74BB-8799-5588-E9CB07BD4782}.Release|Any CPU.Build.0 = Release|Any CPU
	EndGlobalSection
	GlobalSection(SolutionProperties) = preSolution
		HideSolutionNode = FALSE
	EndGlobalSection
																																																																																																					GlobalSection(MonoDevelopProperties) = preSolution
=======
																																																											GlobalSection(MonoDevelopProperties) = preSolution
=======
																																																																GlobalSection(MonoDevelopProperties) = preSolution
>>>>>>> .r1523
>>>>>>> .r1507
=======
																																																								GlobalSection(MonoDevelopProperties) = preSolution
>>>>>>> .r1491
=======
																																							GlobalSection(MonoDevelopProperties) = preSolution
>>>>>>> .r1430
		StartupItem = Assembly-CSharp.csproj
		Policies = $0
		$0.TextStylePolicy = $1
		$1.inheritsSet = null
		$1.scope = text/x-csharp
		$0.CSharpFormattingPolicy = $2
		$2.inheritsSet = Mono
		$2.inheritsScope = text/x-csharp
		$2.scope = text/x-csharp
		$0.TextStylePolicy = $3
		$3.FileWidth = 120
		$3.TabWidth = 4
		$3.EolMarker = Unix
		$3.inheritsSet = Mono
		$3.inheritsScope = text/plain
		$3.scope = text/plain
	EndGlobalSection

EndGlobal
